
Microsoft Visual Studio Solution File, Format Version 12.00
# Visual Studio Version 17
VisualStudioVersion = 17.9.34616.47
MinimumVisualStudioVersion = 10.0.40219.1
Project("{FAE04EC0-301F-11D3-BF4B-00C04F79EFBC}") = "ForwardList", "ForwardList\ForwardList.csproj", "{1752194E-F928-49BA-A788-730A9D71B18B}"
EndProject
Global
	GlobalSection(SolutionConfigurationPlatforms) = preSolution
		Debug|Any CPU = Debug|Any CPU
		Release|Any CPU = Release|Any CPU
	EndGlobalSection
	GlobalSection(ProjectConfigurationPlatforms) = postSolution
		{1752194E-F928-49BA-A788-730A9D71B18B}.Debug|Any CPU.ActiveCfg = Debug|Any CPU
		{1752194E-F928-49BA-A788-730A9D71B18B}.Debug|Any CPU.Build.0 = Debug|Any CPU
		{1752194E-F928-49BA-A788-730A9D71B18B}.Release|Any CPU.ActiveCfg = Release|Any CPU
		{1752194E-F928-49BA-A788-730A9D71B18B}.Release|Any CPU.Build.0 = Release|Any CPU
	EndGlobalSection
	GlobalSection(SolutionProperties) = preSolution
		HideSolutionNode = FALSE
	EndGlobalSection
	GlobalSection(ExtensibilityGlobals) = postSolution
		SolutionGuid = {75E8E403-9E7A-4451-AE0D-983C7C565728}
	EndGlobalSection
EndGlobal
